
Microsoft Visual Studio Solution File, Format Version 12.00
# Visual Studio 15
VisualStudioVersion = 15.0.27004.2002
MinimumVisualStudioVersion = 10.0.40219.1
Project("{8BC9CEB8-8B4A-11D0-8D11-00A0C91BC942}") = "GameOfLifeSFML", "GameOfLifeSFML\GameOfLifeSFML.vcxproj", "{1BE83509-C8DD-4074-A25A-F5A12507CAED}"
EndProject
Global
	GlobalSection(SolutionConfigurationPlatforms) = preSolution
		Debug|x64 = Debug|x64
		Debug|x86 = Debug|x86
		Release|x64 = Release|x64
		Release|x86 = Release|x86
	EndGlobalSection
	GlobalSection(ProjectConfigurationPlatforms) = postSolution
		{1BE83509-C8DD-4074-A25A-F5A12507CAED}.Debug|x64.ActiveCfg = Debug|x64
		{1BE83509-C8DD-4074-A25A-F5A12507CAED}.Debug|x64.Build.0 = Debug|x64
		{1BE83509-C8DD-4074-A25A-F5A12507CAED}.Debug|x86.ActiveCfg = Debug|Win32
		{1BE83509-C8DD-4074-A25A-F5A12507CAED}.Debug|x86.Build.0 = Debug|Win32
		{1BE83509-C8DD-4074-A25A-F5A12507CAED}.Release|x64.ActiveCfg = Release|x64
		{1BE83509-C8DD-4074-A25A-F5A12507CAED}.Release|x64.Build.0 = Release|x64
		{1BE83509-C8DD-4074-A25A-F5A12507CAED}.Release|x86.ActiveCfg = Release|Win32
		{1BE83509-C8DD-4074-A25A-F5A12507CAED}.Release|x86.Build.0 = Release|Win32
	EndGlobalSection
	GlobalSection(SolutionProperties) = preSolution
		HideSolutionNode = FALSE
	EndGlobalSection
	GlobalSection(ExtensibilityGlobals) = postSolution
		SolutionGuid = {281FC6D6-3C08-4C62-AB21-4FB83CD48B57}
	EndGlobalSection
EndGlobal
